---
- name: Block IP address and ICMP traffic using iptables
  hosts: ControlNode
  become: yes
  tasks:
    - name: Ensure iptables is installed
      apt:
        name: iptables
        state: present

    - name: Update apt cache
      apt:
        update_cache: yes

    - name: Upgrade all packages
      apt:
        upgrade: dist

    - name: Block IP address using iptables
      command: iptables -A INPUT -s 192.168.56.103 -j DROP

    - name: Block ICMP traffic using iptables
      command: iptables -A INPUT -p icmp -j DROP
